
Microsoft Visual Studio Solution File, Format Version 12.00
# Visual Studio Version 16
VisualStudioVersion = 16.0.30907.101
MinimumVisualStudioVersion = 10.0.40219.1
Project("{FAE04EC0-301F-11D3-BF4B-00C04F79EFBC}") = "ImageDatabase", "ImageDatabase\ImageDatabase.csproj", "{5B2D6AE7-51E8-47C3-A876-44CE960E3F91}"
EndProject
Global
	GlobalSection(SolutionConfigurationPlatforms) = preSolution
		Debug|Any CPU = Debug|Any CPU
		Release|Any CPU = Release|Any CPU
	EndGlobalSection
	GlobalSection(ProjectConfigurationPlatforms) = postSolution
		{5B2D6AE7-51E8-47C3-A876-44CE960E3F91}.Debug|Any CPU.ActiveCfg = Debug|Any CPU
		{5B2D6AE7-51E8-47C3-A876-44CE960E3F91}.Debug|Any CPU.Build.0 = Debug|Any CPU
		{5B2D6AE7-51E8-47C3-A876-44CE960E3F91}.Release|Any CPU.ActiveCfg = Release|Any CPU
		{5B2D6AE7-51E8-47C3-A876-44CE960E3F91}.Release|Any CPU.Build.0 = Release|Any CPU
	EndGlobalSection
	GlobalSection(SolutionProperties) = preSolution
		HideSolutionNode = FALSE
	EndGlobalSection
	GlobalSection(ExtensibilityGlobals) = postSolution
		SolutionGuid = {B4B40907-A515-4230-A3AC-ADC2D0C0C091}
	EndGlobalSection
EndGlobal
